
Microsoft Visual Studio Solution File, Format Version 12.00
# Visual Studio Version 16
VisualStudioVersion = 16.0.31515.178
MinimumVisualStudioVersion = 10.0.40219.1
Project("{FAE04EC0-301F-11D3-BF4B-00C04F79EFBC}") = "AppExercicio", "AppExercicio\AppExercicio.csproj", "{D5B3004E-6189-4FB9-B2C6-13FC3ED20EEC}"
EndProject
Global
	GlobalSection(SolutionConfigurationPlatforms) = preSolution
		Debug|Any CPU = Debug|Any CPU
		Release|Any CPU = Release|Any CPU
	EndGlobalSection
	GlobalSection(ProjectConfigurationPlatforms) = postSolution
		{D5B3004E-6189-4FB9-B2C6-13FC3ED20EEC}.Debug|Any CPU.ActiveCfg = Debug|Any CPU
		{D5B3004E-6189-4FB9-B2C6-13FC3ED20EEC}.Debug|Any CPU.Build.0 = Debug|Any CPU
		{D5B3004E-6189-4FB9-B2C6-13FC3ED20EEC}.Release|Any CPU.ActiveCfg = Release|Any CPU
		{D5B3004E-6189-4FB9-B2C6-13FC3ED20EEC}.Release|Any CPU.Build.0 = Release|Any CPU
	EndGlobalSection
	GlobalSection(SolutionProperties) = preSolution
		HideSolutionNode = FALSE
	EndGlobalSection
	GlobalSection(ExtensibilityGlobals) = postSolution
		SolutionGuid = {06BED35D-486A-4F94-9C5E-95021FB181E9}
	EndGlobalSection
EndGlobal
